
Microsoft Visual Studio Solution File, Format Version 12.00
# Visual Studio Version 16
VisualStudioVersion = 16.0.30907.101
MinimumVisualStudioVersion = 10.0.40219.1
Project("{9A19103F-16F7-4668-BE54-9A1E7A4F7556}") = "CommanderAPI", "CommanderAPI\CommanderAPI.csproj", "{AFB71AA2-82A3-4906-BD12-EC0BD5987E10}"
EndProject
Project("{FAE04EC0-301F-11D3-BF4B-00C04F79EFBC}") = "CommanderAPI.Tests", "CommanderAPI.Tests\CommanderAPI.Tests.csproj", "{FFB2A1E2-E300-41ED-A75D-3A3F710FDE01}"
EndProject
Global
	GlobalSection(SolutionConfigurationPlatforms) = preSolution
		Debug|Any CPU = Debug|Any CPU
		Release|Any CPU = Release|Any CPU
	EndGlobalSection
	GlobalSection(ProjectConfigurationPlatforms) = postSolution
		{AFB71AA2-82A3-4906-BD12-EC0BD5987E10}.Debug|Any CPU.ActiveCfg = Debug|Any CPU
		{AFB71AA2-82A3-4906-BD12-EC0BD5987E10}.Debug|Any CPU.Build.0 = Debug|Any CPU
		{AFB71AA2-82A3-4906-BD12-EC0BD5987E10}.Release|Any CPU.ActiveCfg = Release|Any CPU
		{AFB71AA2-82A3-4906-BD12-EC0BD5987E10}.Release|Any CPU.Build.0 = Release|Any CPU
		{FFB2A1E2-E300-41ED-A75D-3A3F710FDE01}.Debug|Any CPU.ActiveCfg = Debug|Any CPU
		{FFB2A1E2-E300-41ED-A75D-3A3F710FDE01}.Debug|Any CPU.Build.0 = Debug|Any CPU
		{FFB2A1E2-E300-41ED-A75D-3A3F710FDE01}.Release|Any CPU.ActiveCfg = Release|Any CPU
		{FFB2A1E2-E300-41ED-A75D-3A3F710FDE01}.Release|Any CPU.Build.0 = Release|Any CPU
	EndGlobalSection
	GlobalSection(SolutionProperties) = preSolution
		HideSolutionNode = FALSE
	EndGlobalSection
	GlobalSection(ExtensibilityGlobals) = postSolution
		SolutionGuid = {6ED5A889-6922-479C-91DD-89BF895914C5}
	EndGlobalSection
EndGlobal
